
Microsoft Visual Studio Solution File, Format Version 12.00
Project("{FAE04EC0-301F-11D3-BF4B-00C04F79EFBC}") = "BrennansWebsite", "BrennansWebsite\BrennansWebsite.csproj", "{620F04F0-2895-4EC7-81A0-3948B943A484}"
EndProject
Global
	GlobalSection(SolutionConfigurationPlatforms) = preSolution
		Debug|Any CPU = Debug|Any CPU
		Release|Any CPU = Release|Any CPU
	EndGlobalSection
	GlobalSection(ProjectConfigurationPlatforms) = postSolution
		{620F04F0-2895-4EC7-81A0-3948B943A484}.Debug|Any CPU.ActiveCfg = Debug|Any CPU
		{620F04F0-2895-4EC7-81A0-3948B943A484}.Debug|Any CPU.Build.0 = Debug|Any CPU
		{620F04F0-2895-4EC7-81A0-3948B943A484}.Release|Any CPU.ActiveCfg = Release|Any CPU
		{620F04F0-2895-4EC7-81A0-3948B943A484}.Release|Any CPU.Build.0 = Release|Any CPU
	EndGlobalSection
EndGlobal
